
Microsoft Visual Studio Solution File, Format Version 12.00
# Visual Studio Version 16
VisualStudioVersion = 16.0.29215.179
MinimumVisualStudioVersion = 10.0.40219.1
Project("{FAE04EC0-301F-11D3-BF4B-00C04F79EFBC}") = "Text to Gif", "Text to Gif\Text to Gif.csproj", "{2D94558E-4D6A-48D5-97C7-807228D10030}"
EndProject
Global
	GlobalSection(SolutionConfigurationPlatforms) = preSolution
		Debug|Any CPU = Debug|Any CPU
		Release|Any CPU = Release|Any CPU
	EndGlobalSection
	GlobalSection(ProjectConfigurationPlatforms) = postSolution
		{2D94558E-4D6A-48D5-97C7-807228D10030}.Debug|Any CPU.ActiveCfg = Debug|Any CPU
		{2D94558E-4D6A-48D5-97C7-807228D10030}.Debug|Any CPU.Build.0 = Debug|Any CPU
		{2D94558E-4D6A-48D5-97C7-807228D10030}.Release|Any CPU.ActiveCfg = Release|Any CPU
		{2D94558E-4D6A-48D5-97C7-807228D10030}.Release|Any CPU.Build.0 = Release|Any CPU
	EndGlobalSection
	GlobalSection(SolutionProperties) = preSolution
		HideSolutionNode = FALSE
	EndGlobalSection
	GlobalSection(ExtensibilityGlobals) = postSolution
		SolutionGuid = {7C3319DB-AD0A-4ABB-9F9F-AA3929D71608}
	EndGlobalSection
EndGlobal
